uuid: e0d28a1f-a7a7-44ac-ba1b-5eb00ed450ad
langcode: en
status: true
dependencies:
  config:
    - views.view.our_hounds
  module:
    - system
    - views
  theme:
    - houndridgeb5
id: houndridgeb5_views_block__our_hounds_deerhounds_block
theme: houndridgeb5
region: content
weight: 1
provider: null
plugin: 'views_block:our_hounds-deerhounds_block'
settings:
  id: 'views_block:our_hounds-deerhounds_block'
  label: ''
  label_display: visible
  provider: views
  views_label: ''
  items_per_page: null
visibility:
  request_path:
    id: request_path
    negate: false
    pages: /scottish-deerhounds
